github.com/pablo0615/myMath v1.0.0 h1:ccUhHs73s6BQgf8hI/Nd8drlZzvzG8CfEo7AQoVwKDc=
github.com/pablo0615/myMath v1.0.0/go.mod h1:vbBylchtcOx/eF7H5pg9vRb7EgIJuk8dGr+ULmX7fcs=
github.com/pablo0615/myMath v1.0.1 h1:+I3yQYO63x6s1rCqB0M5wh/z0+T+c2z9WqswrPj9v0E=
github.com/pablo0615/myMath v1.0.1/go.mod h1:vbBylchtcOx/eF7H5pg9vRb7EgIJuk8dGr+ULmX7fcs=
github.com/pablo0615/myMath v1.0.2 h1:a8dEznwqRz0gv33FrxbXKXCoqKAyfXnMRu0UkZEd+Dk=
github.com/pablo0615/myMath v1.0.2/go.mod h1:vbBylchtcOx/eF7H5pg9vRb7EgIJuk8dGr+ULmX7fcs=
github.com/pablo0615/myMath v1.1.0 h1:eNLez+zS4Oc10oJY+5pgdpVRFdhtzpNuVmfxq93wKDs=
github.com/pablo0615/myMath v1.1.0/go.mod h1:vbBylchtcOx/eF7H5pg9vRb7EgIJuk8dGr+ULmX7fcs=
github.com/pablo0615/myMath v1.1.1 h1:sZHiRra0yHWFMb6uY4d6cFur72ROU03oSyVbZJua2VI=
github.com/pablo0615/myMath v1.1.1/go.mod h1:vbBylchtcOx/eF7H5pg9vRb7EgIJuk8dGr+ULmX7fcs=
